# THIS IS AN AUTOGENERATED FILE. DO NOT EDIT THIS FILE DIRECTLY.
# yarn lockfile v1


tsnow@^1.0.0:
  version "1.0.0"
  resolved "https://registry.yarnpkg.com/tsnow/-/tsnow-1.0.0.tgz#8846f37a4d22e53f8d0de144fcbca51fbdf0babb"

tspriorityqueue@^0.4.0:
  version "0.4.0"
  resolved "https://registry.yarnpkg.com/tspriorityqueue/-/tspriorityqueue-0.4.0.tgz#6c560484d8e500a928c641963c12f5581f05fcef"

typescript@^2.3.2:
  version "2.3.2"
  resolved "https://registry.yarnpkg.com/typescript/-/typescript-2.3.2.tgz#f0f045e196f69a72f06b25fd3bd39d01c3ce9984"
