# THIS IS AN AUTOGENERATED FILE. DO NOT EDIT THIS FILE DIRECTLY.
# yarn lockfile v1


tsnow@^1.0.1:
  version "1.0.1"
  resolved "https://registry.yarnpkg.com/tsnow/-/tsnow-1.0.1.tgz#742c8de63fba5f67297bca3c5b818840b62af9f2"

tspriorityqueue@^0.4.1:
  version "0.4.1"
  resolved "https://registry.yarnpkg.com/tspriorityqueue/-/tspriorityqueue-0.4.1.tgz#91b5766686ffecfce36862d9919c7a7868abc194"

typescript@^2.3.2:
  version "2.3.2"
  resolved "https://registry.yarnpkg.com/typescript/-/typescript-2.3.2.tgz#f0f045e196f69a72f06b25fd3bd39d01c3ce9984"
